
Microsoft Visual Studio Solution File, Format Version 12.00
# Visual Studio 15
VisualStudioVersion = 15.0.27130.2010
MinimumVisualStudioVersion = 10.0.40219.1
Project("{FAE04EC0-301F-11D3-BF4B-00C04F79EFBC}") = "TourStops", "TourStops\TourStops.csproj", "{47633907-E25D-4FD4-8630-3558426F6BB9}"
EndProject
Global
	GlobalSection(SolutionConfigurationPlatforms) = preSolution
		Debug|Any CPU = Debug|Any CPU
		Release|Any CPU = Release|Any CPU
	EndGlobalSection
	GlobalSection(ProjectConfigurationPlatforms) = postSolution
		{47633907-E25D-4FD4-8630-3558426F6BB9}.Debug|Any CPU.ActiveCfg = Debug|Any CPU
		{47633907-E25D-4FD4-8630-3558426F6BB9}.Debug|Any CPU.Build.0 = Debug|Any CPU
		{47633907-E25D-4FD4-8630-3558426F6BB9}.Debug|Any CPU.Deploy.0 = Debug|Any CPU
		{47633907-E25D-4FD4-8630-3558426F6BB9}.Release|Any CPU.ActiveCfg = Release|Any CPU
		{47633907-E25D-4FD4-8630-3558426F6BB9}.Release|Any CPU.Build.0 = Release|Any CPU
		{47633907-E25D-4FD4-8630-3558426F6BB9}.Release|Any CPU.Deploy.0 = Release|Any CPU
	EndGlobalSection
	GlobalSection(SolutionProperties) = preSolution
		HideSolutionNode = FALSE
	EndGlobalSection
	GlobalSection(ExtensibilityGlobals) = postSolution
		SolutionGuid = {76025D39-E06C-41D7-9CFC-8F64CAD0A252}
	EndGlobalSection
EndGlobal
